
Microsoft Visual Studio Solution File, Format Version 12.00
# Visual Studio Version 17
VisualStudioVersion = 17.13.35806.99 d17.13
MinimumVisualStudioVersion = 10.0.40219.1
Project("{FAE04EC0-301F-11D3-BF4B-00C04F79EFBC}") = "OpenCV", "OpenCV.csproj", "{88D49E9C-7163-478E-A5AA-6B30C49D5CBF}"
EndProject
Global
	GlobalSection(SolutionConfigurationPlatforms) = preSolution
		Debug|Any CPU = Debug|Any CPU
		Release|Any CPU = Release|Any CPU
	EndGlobalSection
	GlobalSection(ProjectConfigurationPlatforms) = postSolution
		{88D49E9C-7163-478E-A5AA-6B30C49D5CBF}.Debug|Any CPU.ActiveCfg = Debug|Any CPU
		{88D49E9C-7163-478E-A5AA-6B30C49D5CBF}.Debug|Any CPU.Build.0 = Debug|Any CPU
		{88D49E9C-7163-478E-A5AA-6B30C49D5CBF}.Release|Any CPU.ActiveCfg = Release|Any CPU
		{88D49E9C-7163-478E-A5AA-6B30C49D5CBF}.Release|Any CPU.Build.0 = Release|Any CPU
	EndGlobalSection
	GlobalSection(SolutionProperties) = preSolution
		HideSolutionNode = FALSE
	EndGlobalSection
	GlobalSection(ExtensibilityGlobals) = postSolution
		SolutionGuid = {CD9C3A0B-83FF-4F01-830F-8C3989E0747B}
	EndGlobalSection
EndGlobal
